
Microsoft Visual Studio Solution File, Format Version 12.00
# Visual Studio Version 16
VisualStudioVersion = 16.0.31025.194
MinimumVisualStudioVersion = 10.0.40219.1
Project("{FAE04EC0-301F-11D3-BF4B-00C04F79EFBC}") = "UserMaintenance", "UserMaintenance\UserMaintenance.csproj", "{C7967E91-4123-4DA6-9E62-41A863CF042C}"
EndProject
Project("{FAE04EC0-301F-11D3-BF4B-00C04F79EFBC}") = "week05", "week05\week05.csproj", "{1EE9BB5F-7B4D-46F3-B40B-BADA3418B3FB}"
EndProject
Project("{FAE04EC0-301F-11D3-BF4B-00C04F79EFBC}") = "ho0bho_week08", "ho0bho_week08\ho0bho_week08.csproj", "{2F27C083-F868-4F24-8094-EED4ECD4C262}"
EndProject
Project("{FAE04EC0-301F-11D3-BF4B-00C04F79EFBC}") = "Microsimulation", "Microsimulation\Microsimulation.csproj", "{A3CBF3EB-C85E-4AC0-B437-B1DA268E2B55}"
EndProject
Project("{FAE04EC0-301F-11D3-BF4B-00C04F79EFBC}") = "ho0bho_week10", "ho0bho_week10\ho0bho_week10.csproj", "{D3B3B004-2D1A-4790-9A9F-34FA13CA6D78}"
EndProject
Global
	GlobalSection(SolutionConfigurationPlatforms) = preSolution
		Debug|Any CPU = Debug|Any CPU
		Release|Any CPU = Release|Any CPU
	EndGlobalSection
	GlobalSection(ProjectConfigurationPlatforms) = postSolution
		{C7967E91-4123-4DA6-9E62-41A863CF042C}.Debug|Any CPU.ActiveCfg = Debug|Any CPU
		{C7967E91-4123-4DA6-9E62-41A863CF042C}.Debug|Any CPU.Build.0 = Debug|Any CPU
		{C7967E91-4123-4DA6-9E62-41A863CF042C}.Release|Any CPU.ActiveCfg = Release|Any CPU
		{C7967E91-4123-4DA6-9E62-41A863CF042C}.Release|Any CPU.Build.0 = Release|Any CPU
		{1EE9BB5F-7B4D-46F3-B40B-BADA3418B3FB}.Debug|Any CPU.ActiveCfg = Debug|Any CPU
		{1EE9BB5F-7B4D-46F3-B40B-BADA3418B3FB}.Debug|Any CPU.Build.0 = Debug|Any CPU
		{1EE9BB5F-7B4D-46F3-B40B-BADA3418B3FB}.Release|Any CPU.ActiveCfg = Release|Any CPU
		{1EE9BB5F-7B4D-46F3-B40B-BADA3418B3FB}.Release|Any CPU.Build.0 = Release|Any CPU
		{2F27C083-F868-4F24-8094-EED4ECD4C262}.Debug|Any CPU.ActiveCfg = Debug|Any CPU
		{2F27C083-F868-4F24-8094-EED4ECD4C262}.Debug|Any CPU.Build.0 = Debug|Any CPU
		{2F27C083-F868-4F24-8094-EED4ECD4C262}.Release|Any CPU.ActiveCfg = Release|Any CPU
		{2F27C083-F868-4F24-8094-EED4ECD4C262}.Release|Any CPU.Build.0 = Release|Any CPU
		{A3CBF3EB-C85E-4AC0-B437-B1DA268E2B55}.Debug|Any CPU.ActiveCfg = Debug|Any CPU
		{A3CBF3EB-C85E-4AC0-B437-B1DA268E2B55}.Debug|Any CPU.Build.0 = Debug|Any CPU
		{A3CBF3EB-C85E-4AC0-B437-B1DA268E2B55}.Release|Any CPU.ActiveCfg = Release|Any CPU
		{A3CBF3EB-C85E-4AC0-B437-B1DA268E2B55}.Release|Any CPU.Build.0 = Release|Any CPU
		{D3B3B004-2D1A-4790-9A9F-34FA13CA6D78}.Debug|Any CPU.ActiveCfg = Debug|Any CPU
		{D3B3B004-2D1A-4790-9A9F-34FA13CA6D78}.Debug|Any CPU.Build.0 = Debug|Any CPU
		{D3B3B004-2D1A-4790-9A9F-34FA13CA6D78}.Release|Any CPU.ActiveCfg = Release|Any CPU
		{D3B3B004-2D1A-4790-9A9F-34FA13CA6D78}.Release|Any CPU.Build.0 = Release|Any CPU
	EndGlobalSection
	GlobalSection(SolutionProperties) = preSolution
		HideSolutionNode = FALSE
	EndGlobalSection
	GlobalSection(ExtensibilityGlobals) = postSolution
		SolutionGuid = {D89414DC-50DF-4507-A8B2-62355ADF553B}
	EndGlobalSection
EndGlobal
